
Microsoft Visual Studio Solution File, Format Version 12.00
# Visual Studio Version 17
VisualStudioVersion = 17.5.33502.453
MinimumVisualStudioVersion = 10.0.40219.1
Project("{C9674DCB-5085-4A16-B785-4C70DD1589BD}") = "PTDLOLAP_SSIS", "PTDLOLAP_SSIS\PTDLOLAP_SSIS.dtproj", "{7049C87A-D6AC-43AB-B994-17D76F59682F}"
EndProject
Global
	GlobalSection(SolutionConfigurationPlatforms) = preSolution
		Development|Default = Development|Default
	EndGlobalSection
	GlobalSection(ProjectConfigurationPlatforms) = postSolution
		{7049C87A-D6AC-43AB-B994-17D76F59682F}.Development|Default.ActiveCfg = Development
		{7049C87A-D6AC-43AB-B994-17D76F59682F}.Development|Default.Build.0 = Development
	EndGlobalSection
	GlobalSection(SolutionProperties) = preSolution
		HideSolutionNode = FALSE
	EndGlobalSection
	GlobalSection(ExtensibilityGlobals) = postSolution
		SolutionGuid = {FADB5739-1137-4AF9-83BE-5533D4C44A0C}
	EndGlobalSection
EndGlobal
